// !$*UTF8*$!
{
	archiveVersion = 1;
	classes = {
	};
	objectVersion = 56;
	objects = {

/* Begin PBXBuildFile section */
		E036F02729D74B9800980BDB /* GreetingViewController.swift in Sources */ = {isa = PBXBuildFile; fileRef = E036F02629D74B9800980BDB /* GreetingViewController.swift */; };
		E04E8C1429DC0BDE00C94927 /* TabBarViewController.swift in Sources */ = {isa = PBXBuildFile; fileRef = E04E8C1329DC0BDE00C94927 /* TabBarViewController.swift */; };
		E0514FB829D7441300562FEB /* AppDelegate.swift in Sources */ = {isa = PBXBuildFile; fileRef = E0514FB729D7441300562FEB /* AppDelegate.swift */; };
		E0514FBA29D7441300562FEB /* SceneDelegate.swift in Sources */ = {isa = PBXBuildFile; fileRef = E0514FB929D7441300562FEB /* SceneDelegate.swift */; };
		E0514FBC29D7441300562FEB /* LoginViewController.swift in Sources */ = {isa = PBXBuildFile; fileRef = E0514FBB29D7441300562FEB /* LoginViewController.swift */; };
		E0514FBF29D7441300562FEB /* Main.storyboard in Resources */ = {isa = PBXBuildFile; fileRef = E0514FBD29D7441300562FEB /* Main.storyboard */; };
		E0514FC129D7441A00562FEB /* Assets.xcassets in Resources */ = {isa = PBXBuildFile; fileRef = E0514FC029D7441A00562FEB /* Assets.xcassets */; };
		E0514FC429D7441A00562FEB /* LaunchScreen.storyboard in Resources */ = {isa = PBXBuildFile; fileRef = E0514FC229D7441A00562FEB /* LaunchScreen.storyboard */; };
		E0E0438629DC095C00628020 /* BioViewController.swift in Sources */ = {isa = PBXBuildFile; fileRef = E0E0438529DC095C00628020 /* BioViewController.swift */; };
		E0E0438829DC098B00628020 /* UserViewController.swift in Sources */ = {isa = PBXBuildFile; fileRef = E0E0438729DC098B00628020 /* UserViewController.swift */; };
		E0EFA2EA29DB673C009A3F95 /* AboutMe.swift in Sources */ = {isa = PBXBuildFile; fileRef = E0EFA2E929DB673C009A3F95 /* AboutMe.swift */; };
		E0F2027429DC46E00001C057 /* HobbiesViewController.swift in Sources */ = {isa = PBXBuildFile; fileRef = E0F2027329DC46E00001C057 /* HobbiesViewController.swift */; };
/* End PBXBuildFile section */

/* Begin PBXFileReference section */
		E036F02629D74B9800980BDB /* GreetingViewController.swift */ = {isa = PBXFileReference; lastKnownFileType = sourcecode.swift; path = GreetingViewController.swift; sourceTree = "<group>"; };
		E04E8C1329DC0BDE00C94927 /* TabBarViewController.swift */ = {isa = PBXFileReference; lastKnownFileType = sourcecode.swift; path = TabBarViewController.swift; sourceTree = "<group>"; };
		E0514FB429D7441300562FEB /* LoginApp.app */ = {isa = PBXFileReference; explicitFileType = wrapper.application; includeInIndex = 0; path = LoginApp.app; sourceTree = BUILT_PRODUCTS_DIR; };
		E0514FB729D7441300562FEB /* AppDelegate.swift */ = {isa = PBXFileReference; lastKnownFileType = sourcecode.swift; path = AppDelegate.swift; sourceTree = "<group>"; };
		E0514FB929D7441300562FEB /* SceneDelegate.swift */ = {isa = PBXFileReference; lastKnownFileType = sourcecode.swift; path = SceneDelegate.swift; sourceTree = "<group>"; };
		E0514FBB29D7441300562FEB /* LoginViewController.swift */ = {isa = PBXFileReference; lastKnownFileType = sourcecode.swift; path = LoginViewController.swift; sourceTree = "<group>"; };
		E0514FBE29D7441300562FEB /* Base */ = {isa = PBXFileReference; lastKnownFileType = file.storyboard; name = Base; path = Base.lproj/Main.storyboard; sourceTree = "<group>"; };
		E0514FC029D7441A00562FEB /* Assets.xcassets */ = {isa = PBXFileReference; lastKnownFileType = folder.assetcatalog; path = Assets.xcassets; sourceTree = "<group>"; };
		E0514FC329D7441A00562FEB /* Base */ = {isa = PBXFileReference; lastKnownFileType = file.storyboard; name = Base; path = Base.lproj/LaunchScreen.storyboard; sourceTree = "<group>"; };
		E0514FC529D7441A00562FEB /* Info.plist */ = {isa = PBXFileReference; lastKnownFileType = text.plist.xml; path = Info.plist; sourceTree = "<group>"; };
		E0E0438529DC095C00628020 /* BioViewController.swift */ = {isa = PBXFileReference; lastKnownFileType = sourcecode.swift; path = BioViewController.swift; sourceTree = "<group>"; };
		E0E0438729DC098B00628020 /* UserViewController.swift */ = {isa = PBXFileReference; lastKnownFileType = sourcecode.swift; path = UserViewController.swift; sourceTree = "<group>"; };
		E0EFA2E929DB673C009A3F95 /* AboutMe.swift */ = {isa = PBXFileReference; lastKnownFileType = sourcecode.swift; path = AboutMe.swift; sourceTree = "<group>"; };
		E0F2027329DC46E00001C057 /* HobbiesViewController.swift */ = {isa = PBXFileReference; lastKnownFileType = sourcecode.swift; path = HobbiesViewController.swift; sourceTree = "<group>"; };
/* End PBXFileReference section */

/* Begin PBXFrameworksBuildPhase section */
		E0514FB129D7441300562FEB /* Frameworks */ = {
			isa = PBXFrameworksBuildPhase;
			buildActionMask = 2147483647;
			files = (
			);
			runOnlyForDeploymentPostprocessing = 0;
		};
/* End PBXFrameworksBuildPhase section */

/* Begin PBXGroup section */
		E0514FAB29D7441200562FEB = {
			isa = PBXGroup;
			children = (
				E0514FB629D7441300562FEB /* LoginApp */,
				E0514FB529D7441300562FEB /* Products */,
			);
			sourceTree = "<group>";
		};
		E0514FB529D7441300562FEB /* Products */ = {
			isa = PBXGroup;
			children = (
				E0514FB429D7441300562FEB /* LoginApp.app */,
			);
			name = Products;
			sourceTree = "<group>";
		};
		E0514FB629D7441300562FEB /* LoginApp */ = {
			isa = PBXGroup;
			children = (
				E0EFA2E829DB66E9009A3F95 /* Models */,
				E0EFA2E529DB66BA009A3F95 /* App */,
				E0EFA2E629DB66C7009A3F95 /* ViewControllers */,
				E0EFA2E729DB66DC009A3F95 /* Storyboards */,
				E0514FC029D7441A00562FEB /* Assets.xcassets */,
			);
			path = LoginApp;
			sourceTree = "<group>";
		};
		E0EFA2E529DB66BA009A3F95 /* App */ = {
			isa = PBXGroup;
			children = (
				E0514FB729D7441300562FEB /* AppDelegate.swift */,
				E0514FB929D7441300562FEB /* SceneDelegate.swift */,
				E0514FC529D7441A00562FEB /* Info.plist */,
			);
			path = App;
			sourceTree = "<group>";
		};
		E0EFA2E629DB66C7009A3F95 /* ViewControllers */ = {
			isa = PBXGroup;
			children = (
				E0514FBB29D7441300562FEB /* LoginViewController.swift */,
				E036F02629D74B9800980BDB /* GreetingViewController.swift */,
				E0E0438529DC095C00628020 /* BioViewController.swift */,
				E0E0438729DC098B00628020 /* UserViewController.swift */,
				E04E8C1329DC0BDE00C94927 /* TabBarViewController.swift */,
				E0F2027329DC46E00001C057 /* HobbiesViewController.swift */,
			);
			path = ViewControllers;
			sourceTree = "<group>";
		};
		E0EFA2E729DB66DC009A3F95 /* Storyboards */ = {
			isa = PBXGroup;
			children = (
				E0514FBD29D7441300562FEB /* Main.storyboard */,
				E0514FC229D7441A00562FEB /* LaunchScreen.storyboard */,
			);
			path = Storyboards;
			sourceTree = "<group>";
		};
		E0EFA2E829DB66E9009A3F95 /* Models */ = {
			isa = PBXGroup;
			children = (
				E0EFA2E929DB673C009A3F95 /* AboutMe.swift */,
			);
			path = Models;
			sourceTree = "<group>";
		};
/* End PBXGroup section */

/* Begin PBXNativeTarget section */
		E0514FB329D7441300562FEB /* LoginApp */ = {
			isa = PBXNativeTarget;
			buildConfigurationList = E0514FC829D7441A00562FEB /* Build configuration list for PBXNativeTarget "LoginApp" */;
			buildPhases = (
				E0514FB029D7441300562FEB /* Sources */,
				E0514FB129D7441300562FEB /* Frameworks */,
				E0514FB229D7441300562FEB /* Resources */,
			);
			buildRules = (
			);
			dependencies = (
			);
			name = LoginApp;
			productName = LoginApp;
			productReference = E0514FB429D7441300562FEB /* LoginApp.app */;
			productType = "com.apple.product-type.application";
		};
/* End PBXNativeTarget section */

/* Begin PBXProject section */
		E0514FAC29D7441200562FEB /* Project object */ = {
			isa = PBXProject;
			attributes = {
				BuildIndependentTargetsInParallel = 1;
				LastSwiftUpdateCheck = 1420;
				LastUpgradeCheck = 1420;
				TargetAttributes = {
					E0514FB329D7441300562FEB = {
						CreatedOnToolsVersion = 14.2;
					};
				};
			};
			buildConfigurationList = E0514FAF29D7441200562FEB /* Build configuration list for PBXProject "LoginApp" */;
			compatibilityVersion = "Xcode 14.0";
			developmentRegion = en;
			hasScannedForEncodings = 0;
			knownRegions = (
				en,
				Base,
			);
			mainGroup = E0514FAB29D7441200562FEB;
			productRefGroup = E0514FB529D7441300562FEB /* Products */;
			projectDirPath = "";
			projectRoot = "";
			targets = (
				E0514FB329D7441300562FEB /* LoginApp */,
			);
		};
/* End PBXProject section */

/* Begin PBXResourcesBuildPhase section */
		E0514FB229D7441300562FEB /* Resources */ = {
			isa = PBXResourcesBuildPhase;
			buildActionMask = 2147483647;
			files = (
				E0514FC429D7441A00562FEB /* LaunchScreen.storyboard in Resources */,
				E0514FC129D7441A00562FEB /* Assets.xcassets in Resources */,
				E0514FBF29D7441300562FEB /* Main.storyboard in Resources */,
			);
			runOnlyForDeploymentPostprocessing = 0;
		};
/* End PBXResourcesBuildPhase section */

/* Begin PBXSourcesBuildPhase section */
		E0514FB029D7441300562FEB /* Sources */ = {
			isa = PBXSourcesBuildPhase;
			buildActionMask = 2147483647;
			files = (
				E04E8C1429DC0BDE00C94927 /* TabBarViewController.swift in Sources */,
				E0E0438829DC098B00628020 /* UserViewController.swift in Sources */,
				E0514FBC29D7441300562FEB /* LoginViewController.swift in Sources */,
				E0EFA2EA29DB673C009A3F95 /* AboutMe.swift in Sources */,
				E0514FB829D7441300562FEB /* AppDelegate.swift in Sources */,
				E0514FBA29D7441300562FEB /* SceneDelegate.swift in Sources */,
				E036F02729D74B9800980BDB /* GreetingViewController.swift in Sources */,
				E0F2027429DC46E00001C057 /* HobbiesViewController.swift in Sources */,
				E0E0438629DC095C00628020 /* BioViewController.swift in Sources */,
			);
			runOnlyForDeploymentPostprocessing = 0;
		};
/* End PBXSourcesBuildPhase section */

/* Begin PBXVariantGroup section */
		E0514FBD29D7441300562FEB /* Main.storyboard */ = {
			isa = PBXVariantGroup;
			children = (
				E0514FBE29D7441300562FEB /* Base */,
			);
			name = Main.storyboard;
			sourceTree = "<group>";
		};
		E0514FC229D7441A00562FEB /* LaunchScreen.storyboard */ = {
			isa = PBXVariantGroup;
			children = (
				E0514FC329D7441A00562FEB /* Base */,
			);
			name = LaunchScreen.storyboard;
			sourceTree = "<group>";
		};
/* End PBXVariantGroup section */

/* Begin XCBuildConfiguration section */
		E0514FC629D7441A00562FEB /* Debug */ = {
			isa = XCBuildConfiguration;
			buildSettings = {
				ALWAYS_SEARCH_USER_PATHS = NO;
				CLANG_ANALYZER_NONNULL = YES;
				CLANG_ANALYZER_NUMBER_OBJECT_CONVERSION = YES_AGGRESSIVE;
				CLANG_CXX_LANGUAGE_STANDARD = "gnu++20";
				CLANG_ENABLE_MODULES = YES;
				CLANG_ENABLE_OBJC_ARC = YES;
				CLANG_ENABLE_OBJC_WEAK = YES;
				CLANG_WARN_BLOCK_CAPTURE_AUTORELEASING = YES;
				CLANG_WARN_BOOL_CONVERSION = YES;
				CLANG_WARN_COMMA = YES;
				CLANG_WARN_CONSTANT_CONVERSION = YES;
				CLANG_WARN_DEPRECATED_OBJC_IMPLEMENTATIONS = YES;
				CLANG_WARN_DIRECT_OBJC_ISA_USAGE = YES_ERROR;
				CLANG_WARN_DOCUMENTATION_COMMENTS = YES;
				CLANG_WARN_EMPTY_BODY = YES;
				CLANG_WARN_ENUM_CONVERSION = YES;
				CLANG_WARN_INFINITE_RECURSION = YES;
				CLANG_WARN_INT_CONVERSION = YES;
				CLANG_WARN_NON_LITERAL_NULL_CONVERSION = YES;
				CLANG_WARN_OBJC_IMPLICIT_RETAIN_SELF = YES;
				CLANG_WARN_OBJC_LITERAL_CONVERSION = YES;
				CLANG_WARN_OBJC_ROOT_CLASS = YES_ERROR;
				CLANG_WARN_QUOTED_INCLUDE_IN_FRAMEWORK_HEADER = YES;
				CLANG_WARN_RANGE_LOOP_ANALYSIS = YES;
				CLANG_WARN_STRICT_PROTOTYPES = YES;
				CLANG_WARN_SUSPICIOUS_MOVE = YES;
				CLANG_WARN_UNGUARDED_AVAILABILITY = YES_AGGRESSIVE;
				CLANG_WARN_UNREACHABLE_CODE = YES;
				CLANG_WARN__DUPLICATE_METHOD_MATCH = YES;
				COPY_PHASE_STRIP = NO;
				DEBUG_INFORMATION_FORMAT = dwarf;
				ENABLE_STRICT_OBJC_MSGSEND = YES;
				ENABLE_TESTABILITY = YES;
				GCC_C_LANGUAGE_STANDARD = gnu11;
				GCC_DYNAMIC_NO_PIC = NO;
				GCC_NO_COMMON_BLOCKS = YES;
				GCC_OPTIMIZATION_LEVEL = 0;
				GCC_PREPROCESSOR_DEFINITIONS = (
					"DEBUG=1",
					"$(inherited)",
				);
				GCC_WARN_64_TO_32_BIT_CONVERSION = YES;
				GCC_WARN_ABOUT_RETURN_TYPE = YES_ERROR;
				GCC_WARN_UNDECLARED_SELECTOR = YES;
				GCC_WARN_UNINITIALIZED_AUTOS = YES_AGGRESSIVE;
				GCC_WARN_UNUSED_FUNCTION = YES;
				GCC_WARN_UNUSED_VARIABLE = YES;
				IPHONEOS_DEPLOYMENT_TARGET = 16.2;
				MTL_ENABLE_DEBUG_INFO = INCLUDE_SOURCE;
				MTL_FAST_MATH = YES;
				ONLY_ACTIVE_ARCH = YES;
				SDKROOT = iphoneos;
				SWIFT_ACTIVE_COMPILATION_CONDITIONS = DEBUG;
				SWIFT_OPTIMIZATION_LEVEL = "-Onone";
			};
			name = Debug;
		};
		E0514FC729D7441A00562FEB /* Release */ = {
			isa = XCBuildConfiguration;
			buildSettings = {
				ALWAYS_SEARCH_USER_PATHS = NO;
				CLANG_ANALYZER_NONNULL = YES;
				CLANG_ANALYZER_NUMBER_OBJECT_CONVERSION = YES_AGGRESSIVE;
				CLANG_CXX_LANGUAGE_STANDARD = "gnu++20";
				CLANG_ENABLE_MODULES = YES;
				CLANG_ENABLE_OBJC_ARC = YES;
				CLANG_ENABLE_OBJC_WEAK = YES;
				CLANG_WARN_BLOCK_CAPTURE_AUTORELEASING = YES;
				CLANG_WARN_BOOL_CONVERSION = YES;
				CLANG_WARN_COMMA = YES;
				CLANG_WARN_CONSTANT_CONVERSION = YES;
				CLANG_WARN_DEPRECATED_OBJC_IMPLEMENTATIONS = YES;
				CLANG_WARN_DIRECT_OBJC_ISA_USAGE = YES_ERROR;
				CLANG_WARN_DOCUMENTATION_COMMENTS = YES;
				CLANG_WARN_EMPTY_BODY = YES;
				CLANG_WARN_ENUM_CONVERSION = YES;
				CLANG_WARN_INFINITE_RECURSION = YES;
				CLANG_WARN_INT_CONVERSION = YES;
				CLANG_WARN_NON_LITERAL_NULL_CONVERSION = YES;
				CLANG_WARN_OBJC_IMPLICIT_RETAIN_SELF = YES;
				CLANG_WARN_OBJC_LITERAL_CONVERSION = YES;
				CLANG_WARN_OBJC_ROOT_CLASS = YES_ERROR;
				CLANG_WARN_QUOTED_INCLUDE_IN_FRAMEWORK_HEADER = YES;
				CLANG_WARN_RANGE_LOOP_ANALYSIS = YES;
				CLANG_WARN_STRICT_PROTOTYPES = YES;
				CLANG_WARN_SUSPICIOUS_MOVE = YES;
				CLANG_WARN_UNGUARDED_AVAILABILITY = YES_AGGRESSIVE;
				CLANG_WARN_UNREACHABLE_CODE = YES;
				CLANG_WARN__DUPLICATE_METHOD_MATCH = YES;
				COPY_PHASE_STRIP = NO;
				DEBUG_INFORMATION_FORMAT = "dwarf-with-dsym";
				ENABLE_NS_ASSERTIONS = NO;
				ENABLE_STRICT_OBJC_MSGSEND = YES;
				GCC_C_LANGUAGE_STANDARD = gnu11;
				GCC_NO_COMMON_BLOCKS = YES;
				GCC_WARN_64_TO_32_BIT_CONVERSION = YES;
				GCC_WARN_ABOUT_RETURN_TYPE = YES_ERROR;
				GCC_WARN_UNDECLARED_SELECTOR = YES;
				GCC_WARN_UNINITIALIZED_AUTOS = YES_AGGRESSIVE;
				GCC_WARN_UNUSED_FUNCTION = YES;
				GCC_WARN_UNUSED_VARIABLE = YES;
				IPHONEOS_DEPLOYMENT_TARGET = 16.2;
				MTL_ENABLE_DEBUG_INFO = NO;
				MTL_FAST_MATH = YES;
				SDKROOT = iphoneos;
				SWIFT_COMPILATION_MODE = wholemodule;
				SWIFT_OPTIMIZATION_LEVEL = "-O";
				VALIDATE_PRODUCT = YES;
			};
			name = Release;
		};
		E0514FC929D7441A00562FEB /* Debug */ = {
			isa = XCBuildConfiguration;
			buildSettings = {
				ASSETCATALOG_COMPILER_APPICON_NAME = AppIcon;
				ASSETCATALOG_COMPILER_GLOBAL_ACCENT_COLOR_NAME = AccentColor;
				CODE_SIGN_STYLE = Automatic;
				CURRENT_PROJECT_VERSION = 1;
				DEVELOPMENT_TEAM = C87Q7272PH;
				GENERATE_INFOPLIST_FILE = YES;
				INFOPLIST_FILE = LoginApp/App/Info.plist;
				INFOPLIST_KEY_CFBundleDisplayName = MyInfoApp;
				INFOPLIST_KEY_UIApplicationSupportsIndirectInputEvents = YES;
				INFOPLIST_KEY_UILaunchStoryboardName = LaunchScreen;
				INFOPLIST_KEY_UIMainStoryboardFile = Main;
				INFOPLIST_KEY_UISupportedInterfaceOrientations = UIInterfaceOrientationPortrait;
				INFOPLIST_KEY_UISupportedInterfaceOrientations_iPad = "UIInterfaceOrientationLandscapeLeft UIInterfaceOrientationLandscapeRight UIInterfaceOrientationPortrait UIInterfaceOrientationPortraitUpsideDown";
				LD_RUNPATH_SEARCH_PATHS = (
					"$(inherited)",
					"@executable_path/Frameworks",
				);
				MARKETING_VERSION = 1.0;
				PRODUCT_BUNDLE_IDENTIFIER = Khusein.LoginApp;
				PRODUCT_NAME = "$(TARGET_NAME)";
				SUPPORTED_PLATFORMS = "iphoneos iphonesimulator";
				SUPPORTS_MACCATALYST = NO;
				SUPPORTS_MAC_DESIGNED_FOR_IPHONE_IPAD = NO;
				SWIFT_EMIT_LOC_STRINGS = YES;
				SWIFT_VERSION = 5.0;
				TARGETED_DEVICE_FAMILY = 1;
			};
			name = Debug;
		};
		E0514FCA29D7441A00562FEB /* Release */ = {
			isa = XCBuildConfiguration;
			buildSettings = {
				ASSETCATALOG_COMPILER_APPICON_NAME = AppIcon;
				ASSETCATALOG_COMPILER_GLOBAL_ACCENT_COLOR_NAME = AccentColor;
				CODE_SIGN_STYLE = Automatic;
				CURRENT_PROJECT_VERSION = 1;
				DEVELOPMENT_TEAM = C87Q7272PH;
				GENERATE_INFOPLIST_FILE = YES;
				INFOPLIST_FILE = LoginApp/App/Info.plist;
				INFOPLIST_KEY_CFBundleDisplayName = MyInfoApp;
				INFOPLIST_KEY_UIApplicationSupportsIndirectInputEvents = YES;
				INFOPLIST_KEY_UILaunchStoryboardName = LaunchScreen;
				INFOPLIST_KEY_UIMainStoryboardFile = Main;
				INFOPLIST_KEY_UISupportedInterfaceOrientations = UIInterfaceOrientationPortrait;
				INFOPLIST_KEY_UISupportedInterfaceOrientations_iPad = "UIInterfaceOrientationLandscapeLeft UIInterfaceOrientationLandscapeRight UIInterfaceOrientationPortrait UIInterfaceOrientationPortraitUpsideDown";
				LD_RUNPATH_SEARCH_PATHS = (
					"$(inherited)",
					"@executable_path/Frameworks",
				);
				MARKETING_VERSION = 1.0;
				PRODUCT_BUNDLE_IDENTIFIER = Khusein.LoginApp;
				PRODUCT_NAME = "$(TARGET_NAME)";
				SUPPORTED_PLATFORMS = "iphoneos iphonesimulator";
				SUPPORTS_MACCATALYST = NO;
				SUPPORTS_MAC_DESIGNED_FOR_IPHONE_IPAD = NO;
				SWIFT_EMIT_LOC_STRINGS = YES;
				SWIFT_VERSION = 5.0;
				TARGETED_DEVICE_FAMILY = 1;
			};
			name = Release;
		};
/* End XCBuildConfiguration section */

/* Begin XCConfigurationList section */
		E0514FAF29D7441200562FEB /* Build configuration list for PBXProject "LoginApp" */ = {
			isa = XCConfigurationList;
			buildConfigurations = (
				E0514FC629D7441A00562FEB /* Debug */,
				E0514FC729D7441A00562FEB /* Release */,
			);
			defaultConfigurationIsVisible = 0;
			defaultConfigurationName = Release;
		};
		E0514FC829D7441A00562FEB /* Build configuration list for PBXNativeTarget "LoginApp" */ = {
			isa = XCConfigurationList;
			buildConfigurations = (
				E0514FC929D7441A00562FEB /* Debug */,
				E0514FCA29D7441A00562FEB /* Release */,
			);
			defaultConfigurationIsVisible = 0;
			defaultConfigurationName = Release;
		};
/* End XCConfigurationList section */
	};
	rootObject = E0514FAC29D7441200562FEB /* Project object */;
}
